
Microsoft Visual Studio Solution File, Format Version 12.00
# Visual Studio Version 16
VisualStudioVersion = 16.0.31702.278
MinimumVisualStudioVersion = 10.0.40219.1
Project("{8BC9CEB8-8B4A-11D0-8D11-00A0C91BC942}") = "Методы сортировки", "Методы сортировки\Методы сортировки.vcxproj", "{052027AC-A6F4-4501-B714-7700C2664FD1}"
EndProject
Global
	GlobalSection(SolutionConfigurationPlatforms) = preSolution
		Debug|x64 = Debug|x64
		Debug|x86 = Debug|x86
		Release|x64 = Release|x64
		Release|x86 = Release|x86
	EndGlobalSection
	GlobalSection(ProjectConfigurationPlatforms) = postSolution
		{052027AC-A6F4-4501-B714-7700C2664FD1}.Debug|x64.ActiveCfg = Debug|x64
		{052027AC-A6F4-4501-B714-7700C2664FD1}.Debug|x64.Build.0 = Debug|x64
		{052027AC-A6F4-4501-B714-7700C2664FD1}.Debug|x86.ActiveCfg = Debug|Win32
		{052027AC-A6F4-4501-B714-7700C2664FD1}.Debug|x86.Build.0 = Debug|Win32
		{052027AC-A6F4-4501-B714-7700C2664FD1}.Release|x64.ActiveCfg = Release|x64
		{052027AC-A6F4-4501-B714-7700C2664FD1}.Release|x64.Build.0 = Release|x64
		{052027AC-A6F4-4501-B714-7700C2664FD1}.Release|x86.ActiveCfg = Release|Win32
		{052027AC-A6F4-4501-B714-7700C2664FD1}.Release|x86.Build.0 = Release|Win32
	EndGlobalSection
	GlobalSection(SolutionProperties) = preSolution
		HideSolutionNode = FALSE
	EndGlobalSection
	GlobalSection(ExtensibilityGlobals) = postSolution
		SolutionGuid = {18B6AD29-7F38-4542-8D1C-8D3B4BAD05E3}
	EndGlobalSection
EndGlobal
